<Solution>
  <Project Path="Assembly-CSharp-Editor.csproj" />
  <Project Path="SingularityGroup.HotReload.Runtime.csproj" />
  <Project Path="SingularityGroup.HotReload.Editor.csproj" />
  <Project Path="Assembly-CSharp.csproj" />
  <Project Path="Assembly-CSharp-firstpass.csproj" />
  <Project Path="SingularityGroup.HotReload.Runtime.Public.csproj" />
</Solution>
